// !$*UTF8*$!
{
	archiveVersion = 1;
	classes = {
	};
	objectVersion = 46;
	objects = {

/* Begin PBXBuildFile section */
		AE4DB74F1E06FABB00B0158C /* SKPhysicsBodyTests.swift in Sources */ = {isa = PBXBuildFile; fileRef = AE4DB74E1E06FABB00B0158C /* SKPhysicsBodyTests.swift */; };
		AE837CE11E07B54E00E31EAC /* SKReachConstraints+Outlaw.swift in Sources */ = {isa = PBXBuildFile; fileRef = AE837CC81E07B54E00E31EAC /* SKReachConstraints+Outlaw.swift */; };
		AE837CF21E07B72400E31EAC /* SKReachConstraintsTests.swift in Sources */ = {isa = PBXBuildFile; fileRef = AE837CF11E07B72400E31EAC /* SKReachConstraintsTests.swift */; };
		AE837CF71E07BEC800E31EAC /* SKEffectNode+Outlaw.swift in Sources */ = {isa = PBXBuildFile; fileRef = AE837CF41E07BEC800E31EAC /* SKEffectNode+Outlaw.swift */; };
		AE837CF81E07BEC800E31EAC /* SKNode+Outlaw.swift in Sources */ = {isa = PBXBuildFile; fileRef = AE837CF51E07BEC800E31EAC /* SKNode+Outlaw.swift */; };
		AE837CF91E07BEC800E31EAC /* SKScene+Outlaw.swift in Sources */ = {isa = PBXBuildFile; fileRef = AE837CF61E07BEC800E31EAC /* SKScene+Outlaw.swift */; };
		AE837D041E07D2B100E31EAC /* OutlawAppKit.framework in Frameworks */ = {isa = PBXBuildFile; fileRef = AE837D031E07D2B100E31EAC /* OutlawAppKit.framework */; };
		AE837D061E07D2B600E31EAC /* OutlawUIKit.framework in Frameworks */ = {isa = PBXBuildFile; fileRef = AE837D051E07D2B600E31EAC /* OutlawUIKit.framework */; };
		AE837D091E07D31600E31EAC /* OutlawAppKit.framework in Frameworks */ = {isa = PBXBuildFile; fileRef = AE837D071E07D31600E31EAC /* OutlawAppKit.framework */; };
		AE837D0A1E07D31600E31EAC /* OutlawUIKit.framework in Frameworks */ = {isa = PBXBuildFile; fileRef = AE837D081E07D31600E31EAC /* OutlawUIKit.framework */; };
		AE837D111E07D9A700E31EAC /* SKCropNode+Outlaw.swift in Sources */ = {isa = PBXBuildFile; fileRef = AE837D0C1E07D9A700E31EAC /* SKCropNode+Outlaw.swift */; };
		AE837D121E07D9A700E31EAC /* SKLabelNode+Outlaw.swift in Sources */ = {isa = PBXBuildFile; fileRef = AE837D0D1E07D9A700E31EAC /* SKLabelNode+Outlaw.swift */; };
		AE837D131E07D9A700E31EAC /* SKShapeNode+Outlaw.swift in Sources */ = {isa = PBXBuildFile; fileRef = AE837D0E1E07D9A700E31EAC /* SKShapeNode+Outlaw.swift */; };
		AE837D141E07D9A700E31EAC /* SKSpriteNode+Outlaw.swift in Sources */ = {isa = PBXBuildFile; fileRef = AE837D0F1E07D9A700E31EAC /* SKSpriteNode+Outlaw.swift */; };
		AE837D151E07D9A700E31EAC /* SKVideoNode+Outlaw.swift in Sources */ = {isa = PBXBuildFile; fileRef = AE837D101E07D9A700E31EAC /* SKVideoNode+Outlaw.swift */; };
		AE89D4561E065170003F5DE4 /* OutlawSpriteKit.framework in Frameworks */ = {isa = PBXBuildFile; fileRef = AE89D44C1E065170003F5DE4 /* OutlawSpriteKit.framework */; };
		AE89D45D1E065170003F5DE4 /* OutlawSpriteKit.h in Headers */ = {isa = PBXBuildFile; fileRef = AE89D44F1E065170003F5DE4 /* OutlawSpriteKit.h */; settings = {ATTRIBUTES = (Public, ); }; };
		AE89D46B1E0652DA003F5DE4 /* Outlaw.framework in Frameworks */ = {isa = PBXBuildFile; fileRef = AE89D4681E0652DA003F5DE4 /* Outlaw.framework */; };
		AE89D46C1E0652DA003F5DE4 /* OutlawCoreGraphics.framework in Frameworks */ = {isa = PBXBuildFile; fileRef = AE89D4691E0652DA003F5DE4 /* OutlawCoreGraphics.framework */; };
		AE89D46D1E0652DA003F5DE4 /* OutlawSimd.framework in Frameworks */ = {isa = PBXBuildFile; fileRef = AE89D46A1E0652DA003F5DE4 /* OutlawSimd.framework */; };
		AE89D4711E065336003F5DE4 /* Outlaw.framework in Frameworks */ = {isa = PBXBuildFile; fileRef = AE89D46E1E065336003F5DE4 /* Outlaw.framework */; };
		AE89D4721E065336003F5DE4 /* OutlawCoreGraphics.framework in Frameworks */ = {isa = PBXBuildFile; fileRef = AE89D46F1E065336003F5DE4 /* OutlawCoreGraphics.framework */; };
		AE89D4731E065336003F5DE4 /* OutlawSimd.framework in Frameworks */ = {isa = PBXBuildFile; fileRef = AE89D4701E065336003F5DE4 /* OutlawSimd.framework */; };
		AE89D4991E065602003F5DE4 /* SKActionTimingMode+String.swift in Sources */ = {isa = PBXBuildFile; fileRef = AE89D4751E065602003F5DE4 /* SKActionTimingMode+String.swift */; };
		AE89D49A1E065602003F5DE4 /* SKAttributeType+String.swift in Sources */ = {isa = PBXBuildFile; fileRef = AE89D4761E065602003F5DE4 /* SKAttributeType+String.swift */; };
		AE89D49B1E065602003F5DE4 /* SKBlendMode+String.swift in Sources */ = {isa = PBXBuildFile; fileRef = AE89D4771E065602003F5DE4 /* SKBlendMode+String.swift */; };
		AE89D49C1E065602003F5DE4 /* SKInterpolationMode+String.swift in Sources */ = {isa = PBXBuildFile; fileRef = AE89D4781E065602003F5DE4 /* SKInterpolationMode+String.swift */; };
		AE89D49D1E065602003F5DE4 /* SKLabelHorizontalAlignmentMode+String.swift in Sources */ = {isa = PBXBuildFile; fileRef = AE89D4791E065602003F5DE4 /* SKLabelHorizontalAlignmentMode+String.swift */; };
		AE89D49E1E065602003F5DE4 /* SKLabelVerticalAlignmentMode+String.swift in Sources */ = {isa = PBXBuildFile; fileRef = AE89D47A1E065602003F5DE4 /* SKLabelVerticalAlignmentMode+String.swift */; };
		AE89D49F1E065602003F5DE4 /* SKParticleRenderOrder+String.swift in Sources */ = {isa = PBXBuildFile; fileRef = AE89D47B1E065602003F5DE4 /* SKParticleRenderOrder+String.swift */; };
		AE89D4A01E065602003F5DE4 /* SKRepeatMode+String.swift in Sources */ = {isa = PBXBuildFile; fileRef = AE89D47C1E065602003F5DE4 /* SKRepeatMode+String.swift */; };
		AE89D4A11E065602003F5DE4 /* SKSceneScaleMode+String.swift in Sources */ = {isa = PBXBuildFile; fileRef = AE89D47D1E065602003F5DE4 /* SKSceneScaleMode+String.swift */; };
		AE89D4A21E065602003F5DE4 /* SKTextureFilteringMode+String.swift in Sources */ = {isa = PBXBuildFile; fileRef = AE89D47E1E065602003F5DE4 /* SKTextureFilteringMode+String.swift */; };
		AE89D4A31E065602003F5DE4 /* SKTileDefinitionRotation+String.swift in Sources */ = {isa = PBXBuildFile; fileRef = AE89D47F1E065602003F5DE4 /* SKTileDefinitionRotation+String.swift */; };
		AE89D4A41E065602003F5DE4 /* SKTileSetType+String.swift in Sources */ = {isa = PBXBuildFile; fileRef = AE89D4801E065602003F5DE4 /* SKTileSetType+String.swift */; };
		AE89D4A51E065602003F5DE4 /* SKTransitionDirection+String.swift in Sources */ = {isa = PBXBuildFile; fileRef = AE89D4811E065602003F5DE4 /* SKTransitionDirection+String.swift */; };
		AE89D4A61E065602003F5DE4 /* SKUniformType+String.swift in Sources */ = {isa = PBXBuildFile; fileRef = AE89D4821E065602003F5DE4 /* SKUniformType+String.swift */; };
		AE89D4C01E065C33003F5DE4 /* SKActionTimingModeTests.swift in Sources */ = {isa = PBXBuildFile; fileRef = AE89D4BF1E065C33003F5DE4 /* SKActionTimingModeTests.swift */; };
		AE89D4C21E065DDD003F5DE4 /* SKAttributeTypeTests.swift in Sources */ = {isa = PBXBuildFile; fileRef = AE89D4C11E065DDD003F5DE4 /* SKAttributeTypeTests.swift */; };
		AE89D4C41E066229003F5DE4 /* SKParticleRenderOrderTests.swift in Sources */ = {isa = PBXBuildFile; fileRef = AE89D4C31E066229003F5DE4 /* SKParticleRenderOrderTests.swift */; };
		AE89D4C61E06639E003F5DE4 /* SKInterpolationModeTests.swift in Sources */ = {isa = PBXBuildFile; fileRef = AE89D4C51E06639E003F5DE4 /* SKInterpolationModeTests.swift */; };
		AE89D4C81E06645E003F5DE4 /* SKRepeatModeTests.swift in Sources */ = {isa = PBXBuildFile; fileRef = AE89D4C71E06645E003F5DE4 /* SKRepeatModeTests.swift */; };
		AE89D4CA1E0664EC003F5DE4 /* SKLabelHorizontalAlignmentModeTests.swift in Sources */ = {isa = PBXBuildFile; fileRef = AE89D4C91E0664EC003F5DE4 /* SKLabelHorizontalAlignmentModeTests.swift */; };
		AE89D4CC1E0665A6003F5DE4 /* SKLabelVerticalAlignmentModeTests.swift in Sources */ = {isa = PBXBuildFile; fileRef = AE89D4CB1E0665A6003F5DE4 /* SKLabelVerticalAlignmentModeTests.swift */; };
		AE89D4CE1E066674003F5DE4 /* SKTextureFilteringModeTests.swift in Sources */ = {isa = PBXBuildFile; fileRef = AE89D4CD1E066674003F5DE4 /* SKTextureFilteringModeTests.swift */; };
		AE89D4D01E066711003F5DE4 /* SKBlendModeTests.swift in Sources */ = {isa = PBXBuildFile; fileRef = AE89D4CF1E066711003F5DE4 /* SKBlendModeTests.swift */; };
		AE89D4D21E066892003F5DE4 /* SKTileDefinitionRotationTests.swift in Sources */ = {isa = PBXBuildFile; fileRef = AE89D4D11E066892003F5DE4 /* SKTileDefinitionRotationTests.swift */; };
		AE89D4D41E066973003F5DE4 /* SKTileSetTypeTests.swift in Sources */ = {isa = PBXBuildFile; fileRef = AE89D4D31E066973003F5DE4 /* SKTileSetTypeTests.swift */; };
		AE89D4D61E066E86003F5DE4 /* SKTransitionDirectionTests.swift in Sources */ = {isa = PBXBuildFile; fileRef = AE89D4D51E066E86003F5DE4 /* SKTransitionDirectionTests.swift */; };
		AE89D4D81E066F56003F5DE4 /* SKUniformTypeTests.swift in Sources */ = {isa = PBXBuildFile; fileRef = AE89D4D71E066F56003F5DE4 /* SKUniformTypeTests.swift */; };
		AE89D4DA1E06710D003F5DE4 /* SKSceneScaleModeTests.swift in Sources */ = {isa = PBXBuildFile; fileRef = AE89D4D91E06710D003F5DE4 /* SKSceneScaleModeTests.swift */; };
		AE89D4DD1E067569003F5DE4 /* SKView+Outlaw.swift in Sources */ = {isa = PBXBuildFile; fileRef = AE89D4DC1E067569003F5DE4 /* SKView+Outlaw.swift */; };
		AE89D4E01E06765B003F5DE4 /* SKViewTests.swift in Sources */ = {isa = PBXBuildFile; fileRef = AE89D4DF1E06765B003F5DE4 /* SKViewTests.swift */; };
		AE89D4E41E067CF0003F5DE4 /* SKPhysicsBody+Outlaw.swift in Sources */ = {isa = PBXBuildFile; fileRef = AE89D4E21E067CF0003F5DE4 /* SKPhysicsBody+Outlaw.swift */; };
		AE89D4E51E067CF0003F5DE4 /* SKPhysicsWorld+Outlaw.swift in Sources */ = {isa = PBXBuildFile; fileRef = AE89D4E31E067CF0003F5DE4 /* SKPhysicsWorld+Outlaw.swift */; };
		AE89D4E81E067D76003F5DE4 /* SKPhysicsWorldTests.swift in Sources */ = {isa = PBXBuildFile; fileRef = AE89D4E71E067D76003F5DE4 /* SKPhysicsWorldTests.swift */; };
/* End PBXBuildFile section */

/* Begin PBXContainerItemProxy section */
		AE89D4571E065170003F5DE4 /* PBXContainerItemProxy */ = {
			isa = PBXContainerItemProxy;
			containerPortal = AE89D4431E065170003F5DE4 /* Project object */;
			proxyType = 1;
			remoteGlobalIDString = AE89D44B1E065170003F5DE4;
			remoteInfo = OutlawSpriteKit;
		};
/* End PBXContainerItemProxy section */

/* Begin PBXFileReference section */
		AE4DB74E1E06FABB00B0158C /* SKPhysicsBodyTests.swift */ = {isa = PBXFileReference; fileEncoding = 4; lastKnownFileType = sourcecode.swift; path = SKPhysicsBodyTests.swift; sourceTree = "<group>"; };
		AE837CC81E07B54E00E31EAC /* SKReachConstraints+Outlaw.swift */ = {isa = PBXFileReference; fileEncoding = 4; lastKnownFileType = sourcecode.swift; path = "SKReachConstraints+Outlaw.swift"; sourceTree = "<group>"; };
		AE837CF11E07B72400E31EAC /* SKReachConstraintsTests.swift */ = {isa = PBXFileReference; fileEncoding = 4; lastKnownFileType = sourcecode.swift; path = SKReachConstraintsTests.swift; sourceTree = "<group>"; };
		AE837CF41E07BEC800E31EAC /* SKEffectNode+Outlaw.swift */ = {isa = PBXFileReference; fileEncoding = 4; lastKnownFileType = sourcecode.swift; path = "SKEffectNode+Outlaw.swift"; sourceTree = "<group>"; };
		AE837CF51E07BEC800E31EAC /* SKNode+Outlaw.swift */ = {isa = PBXFileReference; fileEncoding = 4; lastKnownFileType = sourcecode.swift; path = "SKNode+Outlaw.swift"; sourceTree = "<group>"; };
		AE837CF61E07BEC800E31EAC /* SKScene+Outlaw.swift */ = {isa = PBXFileReference; fileEncoding = 4; lastKnownFileType = sourcecode.swift; path = "SKScene+Outlaw.swift"; sourceTree = "<group>"; };
		AE837D031E07D2B100E31EAC /* OutlawAppKit.framework */ = {isa = PBXFileReference; lastKnownFileType = wrapper.framework; path = OutlawAppKit.framework; sourceTree = BUILT_PRODUCTS_DIR; };
		AE837D051E07D2B600E31EAC /* OutlawUIKit.framework */ = {isa = PBXFileReference; lastKnownFileType = wrapper.framework; path = OutlawUIKit.framework; sourceTree = BUILT_PRODUCTS_DIR; };
		AE837D071E07D31600E31EAC /* OutlawAppKit.framework */ = {isa = PBXFileReference; lastKnownFileType = wrapper.framework; path = OutlawAppKit.framework; sourceTree = BUILT_PRODUCTS_DIR; };
		AE837D081E07D31600E31EAC /* OutlawUIKit.framework */ = {isa = PBXFileReference; lastKnownFileType = wrapper.framework; path = OutlawUIKit.framework; sourceTree = BUILT_PRODUCTS_DIR; };
		AE837D0C1E07D9A700E31EAC /* SKCropNode+Outlaw.swift */ = {isa = PBXFileReference; fileEncoding = 4; lastKnownFileType = sourcecode.swift; path = "SKCropNode+Outlaw.swift"; sourceTree = "<group>"; };
		AE837D0D1E07D9A700E31EAC /* SKLabelNode+Outlaw.swift */ = {isa = PBXFileReference; fileEncoding = 4; lastKnownFileType = sourcecode.swift; path = "SKLabelNode+Outlaw.swift"; sourceTree = "<group>"; };
		AE837D0E1E07D9A700E31EAC /* SKShapeNode+Outlaw.swift */ = {isa = PBXFileReference; fileEncoding = 4; lastKnownFileType = sourcecode.swift; path = "SKShapeNode+Outlaw.swift"; sourceTree = "<group>"; };
		AE837D0F1E07D9A700E31EAC /* SKSpriteNode+Outlaw.swift */ = {isa = PBXFileReference; fileEncoding = 4; lastKnownFileType = sourcecode.swift; path = "SKSpriteNode+Outlaw.swift"; sourceTree = "<group>"; };
		AE837D101E07D9A700E31EAC /* SKVideoNode+Outlaw.swift */ = {isa = PBXFileReference; fileEncoding = 4; lastKnownFileType = sourcecode.swift; path = "SKVideoNode+Outlaw.swift"; sourceTree = "<group>"; };
		AE89D44C1E065170003F5DE4 /* OutlawSpriteKit.framework */ = {isa = PBXFileReference; explicitFileType = wrapper.framework; includeInIndex = 0; path = OutlawSpriteKit.framework; sourceTree = BUILT_PRODUCTS_DIR; };
		AE89D44F1E065170003F5DE4 /* OutlawSpriteKit.h */ = {isa = PBXFileReference; lastKnownFileType = sourcecode.c.h; path = OutlawSpriteKit.h; sourceTree = "<group>"; };
		AE89D4501E065170003F5DE4 /* Info.plist */ = {isa = PBXFileReference; lastKnownFileType = text.plist.xml; path = Info.plist; sourceTree = "<group>"; };
		AE89D4551E065170003F5DE4 /* OutlawSpriteKitTests.xctest */ = {isa = PBXFileReference; explicitFileType = wrapper.cfbundle; includeInIndex = 0; path = OutlawSpriteKitTests.xctest; sourceTree = BUILT_PRODUCTS_DIR; };
		AE89D45C1E065170003F5DE4 /* Info.plist */ = {isa = PBXFileReference; lastKnownFileType = text.plist.xml; path = Info.plist; sourceTree = "<group>"; };
		AE89D4681E0652DA003F5DE4 /* Outlaw.framework */ = {isa = PBXFileReference; lastKnownFileType = wrapper.framework; path = Outlaw.framework; sourceTree = BUILT_PRODUCTS_DIR; };
		AE89D4691E0652DA003F5DE4 /* OutlawCoreGraphics.framework */ = {isa = PBXFileReference; lastKnownFileType = wrapper.framework; path = OutlawCoreGraphics.framework; sourceTree = BUILT_PRODUCTS_DIR; };
		AE89D46A1E0652DA003F5DE4 /* OutlawSimd.framework */ = {isa = PBXFileReference; lastKnownFileType = wrapper.framework; path = OutlawSimd.framework; sourceTree = BUILT_PRODUCTS_DIR; };
		AE89D46E1E065336003F5DE4 /* Outlaw.framework */ = {isa = PBXFileReference; lastKnownFileType = wrapper.framework; path = Outlaw.framework; sourceTree = BUILT_PRODUCTS_DIR; };
		AE89D46F1E065336003F5DE4 /* OutlawCoreGraphics.framework */ = {isa = PBXFileReference; lastKnownFileType = wrapper.framework; path = OutlawCoreGraphics.framework; sourceTree = BUILT_PRODUCTS_DIR; };
		AE89D4701E065336003F5DE4 /* OutlawSimd.framework */ = {isa = PBXFileReference; lastKnownFileType = wrapper.framework; path = OutlawSimd.framework; sourceTree = BUILT_PRODUCTS_DIR; };
		AE89D4751E065602003F5DE4 /* SKActionTimingMode+String.swift */ = {isa = PBXFileReference; fileEncoding = 4; lastKnownFileType = sourcecode.swift; path = "SKActionTimingMode+String.swift"; sourceTree = "<group>"; };
		AE89D4761E065602003F5DE4 /* SKAttributeType+String.swift */ = {isa = PBXFileReference; fileEncoding = 4; lastKnownFileType = sourcecode.swift; path = "SKAttributeType+String.swift"; sourceTree = "<group>"; };
		AE89D4771E065602003F5DE4 /* SKBlendMode+String.swift */ = {isa = PBXFileReference; fileEncoding = 4; lastKnownFileType = sourcecode.swift; path = "SKBlendMode+String.swift"; sourceTree = "<group>"; };
		AE89D4781E065602003F5DE4 /* SKInterpolationMode+String.swift */ = {isa = PBXFileReference; fileEncoding = 4; lastKnownFileType = sourcecode.swift; path = "SKInterpolationMode+String.swift"; sourceTree = "<group>"; };
		AE89D4791E065602003F5DE4 /* SKLabelHorizontalAlignmentMode+String.swift */ = {isa = PBXFileReference; fileEncoding = 4; lastKnownFileType = sourcecode.swift; path = "SKLabelHorizontalAlignmentMode+String.swift"; sourceTree = "<group>"; };
		AE89D47A1E065602003F5DE4 /* SKLabelVerticalAlignmentMode+String.swift */ = {isa = PBXFileReference; fileEncoding = 4; lastKnownFileType = sourcecode.swift; path = "SKLabelVerticalAlignmentMode+String.swift"; sourceTree = "<group>"; };
		AE89D47B1E065602003F5DE4 /* SKParticleRenderOrder+String.swift */ = {isa = PBXFileReference; fileEncoding = 4; lastKnownFileType = sourcecode.swift; path = "SKParticleRenderOrder+String.swift"; sourceTree = "<group>"; };
		AE89D47C1E065602003F5DE4 /* SKRepeatMode+String.swift */ = {isa = PBXFileReference; fileEncoding = 4; lastKnownFileType = sourcecode.swift; path = "SKRepeatMode+String.swift"; sourceTree = "<group>"; };
		AE89D47D1E065602003F5DE4 /* SKSceneScaleMode+String.swift */ = {isa = PBXFileReference; fileEncoding = 4; lastKnownFileType = sourcecode.swift; path = "SKSceneScaleMode+String.swift"; sourceTree = "<group>"; };
		AE89D47E1E065602003F5DE4 /* SKTextureFilteringMode+String.swift */ = {isa = PBXFileReference; fileEncoding = 4; lastKnownFileType = sourcecode.swift; path = "SKTextureFilteringMode+String.swift"; sourceTree = "<group>"; };
		AE89D47F1E065602003F5DE4 /* SKTileDefinitionRotation+String.swift */ = {isa = PBXFileReference; fileEncoding = 4; lastKnownFileType = sourcecode.swift; path = "SKTileDefinitionRotation+String.swift"; sourceTree = "<group>"; };
		AE89D4801E065602003F5DE4 /* SKTileSetType+String.swift */ = {isa = PBXFileReference; fileEncoding = 4; lastKnownFileType = sourcecode.swift; path = "SKTileSetType+String.swift"; sourceTree = "<group>"; };
		AE89D4811E065602003F5DE4 /* SKTransitionDirection+String.swift */ = {isa = PBXFileReference; fileEncoding = 4; lastKnownFileType = sourcecode.swift; path = "SKTransitionDirection+String.swift"; sourceTree = "<group>"; };
		AE89D4821E065602003F5DE4 /* SKUniformType+String.swift */ = {isa = PBXFileReference; fileEncoding = 4; lastKnownFileType = sourcecode.swift; path = "SKUniformType+String.swift"; sourceTree = "<group>"; };
		AE89D4961E065602003F5DE4 /* SpriteKitTypes.swift */ = {isa = PBXFileReference; fileEncoding = 4; lastKnownFileType = sourcecode.swift; path = SpriteKitTypes.swift; sourceTree = "<group>"; };
		AE89D4BF1E065C33003F5DE4 /* SKActionTimingModeTests.swift */ = {isa = PBXFileReference; fileEncoding = 4; lastKnownFileType = sourcecode.swift; path = SKActionTimingModeTests.swift; sourceTree = "<group>"; };
		AE89D4C11E065DDD003F5DE4 /* SKAttributeTypeTests.swift */ = {isa = PBXFileReference; fileEncoding = 4; lastKnownFileType = sourcecode.swift; path = SKAttributeTypeTests.swift; sourceTree = "<group>"; };
		AE89D4C31E066229003F5DE4 /* SKParticleRenderOrderTests.swift */ = {isa = PBXFileReference; fileEncoding = 4; lastKnownFileType = sourcecode.swift; path = SKParticleRenderOrderTests.swift; sourceTree = "<group>"; };
		AE89D4C51E06639E003F5DE4 /* SKInterpolationModeTests.swift */ = {isa = PBXFileReference; fileEncoding = 4; lastKnownFileType = sourcecode.swift; path = SKInterpolationModeTests.swift; sourceTree = "<group>"; };
		AE89D4C71E06645E003F5DE4 /* SKRepeatModeTests.swift */ = {isa = PBXFileReference; fileEncoding = 4; lastKnownFileType = sourcecode.swift; path = SKRepeatModeTests.swift; sourceTree = "<group>"; };
		AE89D4C91E0664EC003F5DE4 /* SKLabelHorizontalAlignmentModeTests.swift */ = {isa = PBXFileReference; fileEncoding = 4; lastKnownFileType = sourcecode.swift; path = SKLabelHorizontalAlignmentModeTests.swift; sourceTree = "<group>"; };
		AE89D4CB1E0665A6003F5DE4 /* SKLabelVerticalAlignmentModeTests.swift */ = {isa = PBXFileReference; fileEncoding = 4; lastKnownFileType = sourcecode.swift; path = SKLabelVerticalAlignmentModeTests.swift; sourceTree = "<group>"; };
		AE89D4CD1E066674003F5DE4 /* SKTextureFilteringModeTests.swift */ = {isa = PBXFileReference; fileEncoding = 4; lastKnownFileType = sourcecode.swift; path = SKTextureFilteringModeTests.swift; sourceTree = "<group>"; };
		AE89D4CF1E066711003F5DE4 /* SKBlendModeTests.swift */ = {isa = PBXFileReference; fileEncoding = 4; lastKnownFileType = sourcecode.swift; path = SKBlendModeTests.swift; sourceTree = "<group>"; };
		AE89D4D11E066892003F5DE4 /* SKTileDefinitionRotationTests.swift */ = {isa = PBXFileReference; fileEncoding = 4; lastKnownFileType = sourcecode.swift; path = SKTileDefinitionRotationTests.swift; sourceTree = "<group>"; };
		AE89D4D31E066973003F5DE4 /* SKTileSetTypeTests.swift */ = {isa = PBXFileReference; fileEncoding = 4; lastKnownFileType = sourcecode.swift; path = SKTileSetTypeTests.swift; sourceTree = "<group>"; };
		AE89D4D51E066E86003F5DE4 /* SKTransitionDirectionTests.swift */ = {isa = PBXFileReference; fileEncoding = 4; lastKnownFileType = sourcecode.swift; path = SKTransitionDirectionTests.swift; sourceTree = "<group>"; };
		AE89D4D71E066F56003F5DE4 /* SKUniformTypeTests.swift */ = {isa = PBXFileReference; fileEncoding = 4; lastKnownFileType = sourcecode.swift; path = SKUniformTypeTests.swift; sourceTree = "<group>"; };
		AE89D4D91E06710D003F5DE4 /* SKSceneScaleModeTests.swift */ = {isa = PBXFileReference; fileEncoding = 4; lastKnownFileType = sourcecode.swift; path = SKSceneScaleModeTests.swift; sourceTree = "<group>"; };
		AE89D4DC1E067569003F5DE4 /* SKView+Outlaw.swift */ = {isa = PBXFileReference; fileEncoding = 4; lastKnownFileType = sourcecode.swift; path = "SKView+Outlaw.swift"; sourceTree = "<group>"; };
		AE89D4DF1E06765B003F5DE4 /* SKViewTests.swift */ = {isa = PBXFileReference; fileEncoding = 4; lastKnownFileType = sourcecode.swift; path = SKViewTests.swift; sourceTree = "<group>"; };
		AE89D4E21E067CF0003F5DE4 /* SKPhysicsBody+Outlaw.swift */ = {isa = PBXFileReference; fileEncoding = 4; lastKnownFileType = sourcecode.swift; path = "SKPhysicsBody+Outlaw.swift"; sourceTree = "<group>"; };
		AE89D4E31E067CF0003F5DE4 /* SKPhysicsWorld+Outlaw.swift */ = {isa = PBXFileReference; fileEncoding = 4; lastKnownFileType = sourcecode.swift; path = "SKPhysicsWorld+Outlaw.swift"; sourceTree = "<group>"; };
		AE89D4E71E067D76003F5DE4 /* SKPhysicsWorldTests.swift */ = {isa = PBXFileReference; fileEncoding = 4; lastKnownFileType = sourcecode.swift; path = SKPhysicsWorldTests.swift; sourceTree = "<group>"; };
/* End PBXFileReference section */

/* Begin PBXFrameworksBuildPhase section */
		AE89D4481E065170003F5DE4 /* Frameworks */ = {
			isa = PBXFrameworksBuildPhase;
			buildActionMask = 2147483647;
			files = (
				AE837D061E07D2B600E31EAC /* OutlawUIKit.framework in Frameworks */,
				AE837D041E07D2B100E31EAC /* OutlawAppKit.framework in Frameworks */,
				AE89D46B1E0652DA003F5DE4 /* Outlaw.framework in Frameworks */,
				AE89D46C1E0652DA003F5DE4 /* OutlawCoreGraphics.framework in Frameworks */,
				AE89D46D1E0652DA003F5DE4 /* OutlawSimd.framework in Frameworks */,
			);
			runOnlyForDeploymentPostprocessing = 0;
		};
		AE89D4521E065170003F5DE4 /* Frameworks */ = {
			isa = PBXFrameworksBuildPhase;
			buildActionMask = 2147483647;
			files = (
				AE837D091E07D31600E31EAC /* OutlawAppKit.framework in Frameworks */,
				AE837D0A1E07D31600E31EAC /* OutlawUIKit.framework in Frameworks */,
				AE89D4711E065336003F5DE4 /* Outlaw.framework in Frameworks */,
				AE89D4721E065336003F5DE4 /* OutlawCoreGraphics.framework in Frameworks */,
				AE89D4731E065336003F5DE4 /* OutlawSimd.framework in Frameworks */,
				AE89D4561E065170003F5DE4 /* OutlawSpriteKit.framework in Frameworks */,
			);
			runOnlyForDeploymentPostprocessing = 0;
		};
/* End PBXFrameworksBuildPhase section */

/* Begin PBXGroup section */
		AE837CC31E07B54E00E31EAC /* Nodes */ = {
			isa = PBXGroup;
			children = (
				AE837CC71E07B54E00E31EAC /* Constraints */,
				AE837CF31E07BEC800E31EAC /* Content */,
				AE837D0B1E07D9A700E31EAC /* Display */,
			);
			path = Nodes;
			sourceTree = "<group>";
		};
		AE837CC71E07B54E00E31EAC /* Constraints */ = {
			isa = PBXGroup;
			children = (
				AE837CC81E07B54E00E31EAC /* SKReachConstraints+Outlaw.swift */,
			);
			path = Constraints;
			sourceTree = "<group>";
		};
		AE837CEF1E07B6FB00E31EAC /* Nodes */ = {
			isa = PBXGroup;
			children = (
				AE837CF01E07B71400E31EAC /* Constraints */,
			);
			path = Nodes;
			sourceTree = "<group>";
		};
		AE837CF01E07B71400E31EAC /* Constraints */ = {
			isa = PBXGroup;
			children = (
				AE837CF11E07B72400E31EAC /* SKReachConstraintsTests.swift */,
			);
			path = Constraints;
			sourceTree = "<group>";
		};
		AE837CF31E07BEC800E31EAC /* Content */ = {
			isa = PBXGroup;
			children = (
				AE837CF51E07BEC800E31EAC /* SKNode+Outlaw.swift */,
				AE837CF41E07BEC800E31EAC /* SKEffectNode+Outlaw.swift */,
				AE837CF61E07BEC800E31EAC /* SKScene+Outlaw.swift */,
			);
			path = Content;
			sourceTree = "<group>";
		};
		AE837D0B1E07D9A700E31EAC /* Display */ = {
			isa = PBXGroup;
			children = (
				AE837D0F1E07D9A700E31EAC /* SKSpriteNode+Outlaw.swift */,
				AE837D0D1E07D9A700E31EAC /* SKLabelNode+Outlaw.swift */,
				AE837D0E1E07D9A700E31EAC /* SKShapeNode+Outlaw.swift */,
				AE837D0C1E07D9A700E31EAC /* SKCropNode+Outlaw.swift */,
				AE837D101E07D9A700E31EAC /* SKVideoNode+Outlaw.swift */,
			);
			path = Display;
			sourceTree = "<group>";
		};
		AE89D4421E065170003F5DE4 = {
			isa = PBXGroup;
			children = (
				AE89D44E1E065170003F5DE4 /* OutlawSpriteKit */,
				AE89D4591E065170003F5DE4 /* OutlawSpriteKitTests */,
				AE89D44D1E065170003F5DE4 /* Products */,
				AE89D4671E0652DA003F5DE4 /* Frameworks */,
			);
			sourceTree = "<group>";
		};
		AE89D44D1E065170003F5DE4 /* Products */ = {
			isa = PBXGroup;
			children = (
				AE89D44C1E065170003F5DE4 /* OutlawSpriteKit.framework */,
				AE89D4551E065170003F5DE4 /* OutlawSpriteKitTests.xctest */,
			);
			name = Products;
			sourceTree = "<group>";
		};
		AE89D44E1E065170003F5DE4 /* OutlawSpriteKit */ = {
			isa = PBXGroup;
			children = (
				AE89D4661E06518F003F5DE4 /* Sources */,
				AE89D44F1E065170003F5DE4 /* OutlawSpriteKit.h */,
				AE89D4501E065170003F5DE4 /* Info.plist */,
			);
			path = OutlawSpriteKit;
			sourceTree = "<group>";
		};
		AE89D4591E065170003F5DE4 /* OutlawSpriteKitTests */ = {
			isa = PBXGroup;
			children = (
				AE89D4BE1E065C24003F5DE4 /* Enums */,
				AE89D4DE1E06764B003F5DE4 /* Views */,
				AE89D4E61E067D61003F5DE4 /* Physics */,
				AE837CEF1E07B6FB00E31EAC /* Nodes */,
				AE89D45C1E065170003F5DE4 /* Info.plist */,
			);
			path = OutlawSpriteKitTests;
			sourceTree = "<group>";
		};
		AE89D4661E06518F003F5DE4 /* Sources */ = {
			isa = PBXGroup;
			children = (
				AE89D4961E065602003F5DE4 /* SpriteKitTypes.swift */,
				AE89D4741E065602003F5DE4 /* Enums */,
				AE89D4DB1E067569003F5DE4 /* Views */,
				AE89D4E11E067CF0003F5DE4 /* Physics */,
				AE837CC31E07B54E00E31EAC /* Nodes */,
			);
			path = Sources;
			sourceTree = SOURCE_ROOT;
		};
		AE89D4671E0652DA003F5DE4 /* Frameworks */ = {
			isa = PBXGroup;
			children = (
				AE837D071E07D31600E31EAC /* OutlawAppKit.framework */,
				AE837D081E07D31600E31EAC /* OutlawUIKit.framework */,
				AE837D051E07D2B600E31EAC /* OutlawUIKit.framework */,
				AE837D031E07D2B100E31EAC /* OutlawAppKit.framework */,
				AE89D46E1E065336003F5DE4 /* Outlaw.framework */,
				AE89D46F1E065336003F5DE4 /* OutlawCoreGraphics.framework */,
				AE89D4701E065336003F5DE4 /* OutlawSimd.framework */,
				AE89D4681E0652DA003F5DE4 /* Outlaw.framework */,
				AE89D4691E0652DA003F5DE4 /* OutlawCoreGraphics.framework */,
				AE89D46A1E0652DA003F5DE4 /* OutlawSimd.framework */,
			);
			name = Frameworks;
			sourceTree = "<group>";
		};
		AE89D4741E065602003F5DE4 /* Enums */ = {
			isa = PBXGroup;
			children = (
				AE89D4751E065602003F5DE4 /* SKActionTimingMode+String.swift */,
				AE89D4761E065602003F5DE4 /* SKAttributeType+String.swift */,
				AE89D47B1E065602003F5DE4 /* SKParticleRenderOrder+String.swift */,
				AE89D4781E065602003F5DE4 /* SKInterpolationMode+String.swift */,
				AE89D47C1E065602003F5DE4 /* SKRepeatMode+String.swift */,
				AE89D4791E065602003F5DE4 /* SKLabelHorizontalAlignmentMode+String.swift */,
				AE89D47A1E065602003F5DE4 /* SKLabelVerticalAlignmentMode+String.swift */,
				AE89D47E1E065602003F5DE4 /* SKTextureFilteringMode+String.swift */,
				AE89D4771E065602003F5DE4 /* SKBlendMode+String.swift */,
				AE89D47F1E065602003F5DE4 /* SKTileDefinitionRotation+String.swift */,
				AE89D4801E065602003F5DE4 /* SKTileSetType+String.swift */,
				AE89D4811E065602003F5DE4 /* SKTransitionDirection+String.swift */,
				AE89D4821E065602003F5DE4 /* SKUniformType+String.swift */,
				AE89D47D1E065602003F5DE4 /* SKSceneScaleMode+String.swift */,
			);
			path = Enums;
			sourceTree = "<group>";
		};
		AE89D4BE1E065C24003F5DE4 /* Enums */ = {
			isa = PBXGroup;
			children = (
				AE89D4BF1E065C33003F5DE4 /* SKActionTimingModeTests.swift */,
				AE89D4C11E065DDD003F5DE4 /* SKAttributeTypeTests.swift */,
				AE89D4C31E066229003F5DE4 /* SKParticleRenderOrderTests.swift */,
				AE89D4C51E06639E003F5DE4 /* SKInterpolationModeTests.swift */,
				AE89D4C71E06645E003F5DE4 /* SKRepeatModeTests.swift */,
				AE89D4C91E0664EC003F5DE4 /* SKLabelHorizontalAlignmentModeTests.swift */,
				AE89D4CB1E0665A6003F5DE4 /* SKLabelVerticalAlignmentModeTests.swift */,
				AE89D4CD1E066674003F5DE4 /* SKTextureFilteringModeTests.swift */,
				AE89D4CF1E066711003F5DE4 /* SKBlendModeTests.swift */,
				AE89D4D11E066892003F5DE4 /* SKTileDefinitionRotationTests.swift */,
				AE89D4D31E066973003F5DE4 /* SKTileSetTypeTests.swift */,
				AE89D4D51E066E86003F5DE4 /* SKTransitionDirectionTests.swift */,
				AE89D4D71E066F56003F5DE4 /* SKUniformTypeTests.swift */,
				AE89D4D91E06710D003F5DE4 /* SKSceneScaleModeTests.swift */,
			);
			path = Enums;
			sourceTree = "<group>";
		};
		AE89D4DB1E067569003F5DE4 /* Views */ = {
			isa = PBXGroup;
			children = (
				AE89D4DC1E067569003F5DE4 /* SKView+Outlaw.swift */,
			);
			path = Views;
			sourceTree = "<group>";
		};
		AE89D4DE1E06764B003F5DE4 /* Views */ = {
			isa = PBXGroup;
			children = (
				AE89D4DF1E06765B003F5DE4 /* SKViewTests.swift */,
			);
			path = Views;
			sourceTree = "<group>";
		};
		AE89D4E11E067CF0003F5DE4 /* Physics */ = {
			isa = PBXGroup;
			children = (
				AE89D4E21E067CF0003F5DE4 /* SKPhysicsBody+Outlaw.swift */,
				AE89D4E31E067CF0003F5DE4 /* SKPhysicsWorld+Outlaw.swift */,
			);
			path = Physics;
			sourceTree = "<group>";
		};
		AE89D4E61E067D61003F5DE4 /* Physics */ = {
			isa = PBXGroup;
			children = (
				AE89D4E71E067D76003F5DE4 /* SKPhysicsWorldTests.swift */,
				AE4DB74E1E06FABB00B0158C /* SKPhysicsBodyTests.swift */,
			);
			path = Physics;
			sourceTree = "<group>";
		};
/* End PBXGroup section */

/* Begin PBXHeadersBuildPhase section */
		AE89D4491E065170003F5DE4 /* Headers */ = {
			isa = PBXHeadersBuildPhase;
			buildActionMask = 2147483647;
			files = (
				AE89D45D1E065170003F5DE4 /* OutlawSpriteKit.h in Headers */,
			);
			runOnlyForDeploymentPostprocessing = 0;
		};
/* End PBXHeadersBuildPhase section */

/* Begin PBXNativeTarget section */
		AE89D44B1E065170003F5DE4 /* OutlawSpriteKit */ = {
			isa = PBXNativeTarget;
			buildConfigurationList = AE89D4601E065170003F5DE4 /* Build configuration list for PBXNativeTarget "OutlawSpriteKit" */;
			buildPhases = (
				AE89D4471E065170003F5DE4 /* Sources */,
				AE89D4481E065170003F5DE4 /* Frameworks */,
				AE89D4491E065170003F5DE4 /* Headers */,
				AE89D44A1E065170003F5DE4 /* Resources */,
			);
			buildRules = (
			);
			dependencies = (
			);
			name = OutlawSpriteKit;
			productName = OutlawSpriteKit;
			productReference = AE89D44C1E065170003F5DE4 /* OutlawSpriteKit.framework */;
			productType = "com.apple.product-type.framework";
		};
		AE89D4541E065170003F5DE4 /* OutlawSpriteKitTests */ = {
			isa = PBXNativeTarget;
			buildConfigurationList = AE89D4631E065170003F5DE4 /* Build configuration list for PBXNativeTarget "OutlawSpriteKitTests" */;
			buildPhases = (
				AE89D4511E065170003F5DE4 /* Sources */,
				AE89D4521E065170003F5DE4 /* Frameworks */,
				AE89D4531E065170003F5DE4 /* Resources */,
			);
			buildRules = (
			);
			dependencies = (
				AE89D4581E065170003F5DE4 /* PBXTargetDependency */,
			);
			name = OutlawSpriteKitTests;
			productName = OutlawSpriteKitTests;
			productReference = AE89D4551E065170003F5DE4 /* OutlawSpriteKitTests.xctest */;
			productType = "com.apple.product-type.bundle.unit-test";
		};
/* End PBXNativeTarget section */

/* Begin PBXProject section */
		AE89D4431E065170003F5DE4 /* Project object */ = {
			isa = PBXProject;
			attributes = {
				LastSwiftUpdateCheck = 0820;
				LastUpgradeCheck = 0820;
				ORGANIZATIONNAME = "Molbie LLC";
				TargetAttributes = {
					AE89D44B1E065170003F5DE4 = {
						CreatedOnToolsVersion = 8.2;
						DevelopmentTeam = PWN4RN68X5;
						LastSwiftMigration = 0820;
						ProvisioningStyle = Automatic;
					};
					AE89D4541E065170003F5DE4 = {
						CreatedOnToolsVersion = 8.2;
						DevelopmentTeam = PWN4RN68X5;
						ProvisioningStyle = Automatic;
					};
				};
			};
			buildConfigurationList = AE89D4461E065170003F5DE4 /* Build configuration list for PBXProject "OutlawSpriteKit" */;
			compatibilityVersion = "Xcode 3.2";
			developmentRegion = English;
			hasScannedForEncodings = 0;
			knownRegions = (
				en,
			);
			mainGroup = AE89D4421E065170003F5DE4;
			productRefGroup = AE89D44D1E065170003F5DE4 /* Products */;
			projectDirPath = "";
			projectRoot = "";
			targets = (
				AE89D44B1E065170003F5DE4 /* OutlawSpriteKit */,
				AE89D4541E065170003F5DE4 /* OutlawSpriteKitTests */,
			);
		};
/* End PBXProject section */

/* Begin PBXResourcesBuildPhase section */
		AE89D44A1E065170003F5DE4 /* Resources */ = {
			isa = PBXResourcesBuildPhase;
			buildActionMask = 2147483647;
			files = (
			);
			runOnlyForDeploymentPostprocessing = 0;
		};
		AE89D4531E065170003F5DE4 /* Resources */ = {
			isa = PBXResourcesBuildPhase;
			buildActionMask = 2147483647;
			files = (
			);
			runOnlyForDeploymentPostprocessing = 0;
		};
/* End PBXResourcesBuildPhase section */

/* Begin PBXSourcesBuildPhase section */
		AE89D4471E065170003F5DE4 /* Sources */ = {
			isa = PBXSourcesBuildPhase;
			buildActionMask = 2147483647;
			files = (
				AE837CE11E07B54E00E31EAC /* SKReachConstraints+Outlaw.swift in Sources */,
				AE837D111E07D9A700E31EAC /* SKCropNode+Outlaw.swift in Sources */,
				AE89D4DD1E067569003F5DE4 /* SKView+Outlaw.swift in Sources */,
				AE89D49C1E065602003F5DE4 /* SKInterpolationMode+String.swift in Sources */,
				AE89D4A11E065602003F5DE4 /* SKSceneScaleMode+String.swift in Sources */,
				AE89D49F1E065602003F5DE4 /* SKParticleRenderOrder+String.swift in Sources */,
				AE89D4A01E065602003F5DE4 /* SKRepeatMode+String.swift in Sources */,
				AE89D4A21E065602003F5DE4 /* SKTextureFilteringMode+String.swift in Sources */,
				AE89D4A61E065602003F5DE4 /* SKUniformType+String.swift in Sources */,
				AE837CF91E07BEC800E31EAC /* SKScene+Outlaw.swift in Sources */,
				AE89D4A41E065602003F5DE4 /* SKTileSetType+String.swift in Sources */,
				AE837CF81E07BEC800E31EAC /* SKNode+Outlaw.swift in Sources */,
				AE89D4E51E067CF0003F5DE4 /* SKPhysicsWorld+Outlaw.swift in Sources */,
				AE89D4991E065602003F5DE4 /* SKActionTimingMode+String.swift in Sources */,
				AE89D49B1E065602003F5DE4 /* SKBlendMode+String.swift in Sources */,
				AE837D131E07D9A700E31EAC /* SKShapeNode+Outlaw.swift in Sources */,
				AE89D49D1E065602003F5DE4 /* SKLabelHorizontalAlignmentMode+String.swift in Sources */,
				AE89D4E41E067CF0003F5DE4 /* SKPhysicsBody+Outlaw.swift in Sources */,
				AE837D121E07D9A700E31EAC /* SKLabelNode+Outlaw.swift in Sources */,
				AE89D49E1E065602003F5DE4 /* SKLabelVerticalAlignmentMode+String.swift in Sources */,
				AE89D4A51E065602003F5DE4 /* SKTransitionDirection+String.swift in Sources */,
				AE837D151E07D9A700E31EAC /* SKVideoNode+Outlaw.swift in Sources */,
				AE89D4A31E065602003F5DE4 /* SKTileDefinitionRotation+String.swift in Sources */,
				AE837CF71E07BEC800E31EAC /* SKEffectNode+Outlaw.swift in Sources */,
				AE837D141E07D9A700E31EAC /* SKSpriteNode+Outlaw.swift in Sources */,
				AE89D49A1E065602003F5DE4 /* SKAttributeType+String.swift in Sources */,
			);
			runOnlyForDeploymentPostprocessing = 0;
		};
		AE89D4511E065170003F5DE4 /* Sources */ = {
			isa = PBXSourcesBuildPhase;
			buildActionMask = 2147483647;
			files = (
				AE837CF21E07B72400E31EAC /* SKReachConstraintsTests.swift in Sources */,
				AE89D4E81E067D76003F5DE4 /* SKPhysicsWorldTests.swift in Sources */,
				AE89D4C01E065C33003F5DE4 /* SKActionTimingModeTests.swift in Sources */,
				AE89D4CA1E0664EC003F5DE4 /* SKLabelHorizontalAlignmentModeTests.swift in Sources */,
				AE89D4D21E066892003F5DE4 /* SKTileDefinitionRotationTests.swift in Sources */,
				AE89D4D81E066F56003F5DE4 /* SKUniformTypeTests.swift in Sources */,
				AE89D4C41E066229003F5DE4 /* SKParticleRenderOrderTests.swift in Sources */,
				AE89D4D61E066E86003F5DE4 /* SKTransitionDirectionTests.swift in Sources */,
				AE89D4DA1E06710D003F5DE4 /* SKSceneScaleModeTests.swift in Sources */,
				AE89D4C21E065DDD003F5DE4 /* SKAttributeTypeTests.swift in Sources */,
				AE89D4C81E06645E003F5DE4 /* SKRepeatModeTests.swift in Sources */,
				AE89D4CE1E066674003F5DE4 /* SKTextureFilteringModeTests.swift in Sources */,
				AE89D4D41E066973003F5DE4 /* SKTileSetTypeTests.swift in Sources */,
				AE89D4E01E06765B003F5DE4 /* SKViewTests.swift in Sources */,
				AE89D4C61E06639E003F5DE4 /* SKInterpolationModeTests.swift in Sources */,
				AE4DB74F1E06FABB00B0158C /* SKPhysicsBodyTests.swift in Sources */,
				AE89D4D01E066711003F5DE4 /* SKBlendModeTests.swift in Sources */,
				AE89D4CC1E0665A6003F5DE4 /* SKLabelVerticalAlignmentModeTests.swift in Sources */,
			);
			runOnlyForDeploymentPostprocessing = 0;
		};
/* End PBXSourcesBuildPhase section */

/* Begin PBXTargetDependency section */
		AE89D4581E065170003F5DE4 /* PBXTargetDependency */ = {
			isa = PBXTargetDependency;
			target = AE89D44B1E065170003F5DE4 /* OutlawSpriteKit */;
			targetProxy = AE89D4571E065170003F5DE4 /* PBXContainerItemProxy */;
		};
/* End PBXTargetDependency section */

/* Begin XCBuildConfiguration section */
		AE89D45E1E065170003F5DE4 /* Debug */ = {
			isa = XCBuildConfiguration;
			buildSettings = {
				ALWAYS_SEARCH_USER_PATHS = NO;
				CLANG_ANALYZER_NONNULL = YES;
				CLANG_CXX_LANGUAGE_STANDARD = "gnu++0x";
				CLANG_CXX_LIBRARY = "libc++";
				CLANG_ENABLE_MODULES = YES;
				CLANG_ENABLE_OBJC_ARC = YES;
				CLANG_WARN_BOOL_CONVERSION = YES;
				CLANG_WARN_CONSTANT_CONVERSION = YES;
				CLANG_WARN_DIRECT_OBJC_ISA_USAGE = YES_ERROR;
				CLANG_WARN_DOCUMENTATION_COMMENTS = YES;
				CLANG_WARN_EMPTY_BODY = YES;
				CLANG_WARN_ENUM_CONVERSION = YES;
				CLANG_WARN_INFINITE_RECURSION = YES;
				CLANG_WARN_INT_CONVERSION = YES;
				CLANG_WARN_OBJC_ROOT_CLASS = YES_ERROR;
				CLANG_WARN_SUSPICIOUS_MOVE = YES;
				CLANG_WARN_UNREACHABLE_CODE = YES;
				CLANG_WARN__DUPLICATE_METHOD_MATCH = YES;
				"CODE_SIGN_IDENTITY[sdk=iphoneos*]" = "iPhone Developer";
				COPY_PHASE_STRIP = NO;
				CURRENT_PROJECT_VERSION = 1;
				DEBUG_INFORMATION_FORMAT = dwarf;
				ENABLE_STRICT_OBJC_MSGSEND = YES;
				ENABLE_TESTABILITY = YES;
				GCC_C_LANGUAGE_STANDARD = gnu99;
				GCC_DYNAMIC_NO_PIC = NO;
				GCC_NO_COMMON_BLOCKS = YES;
				GCC_OPTIMIZATION_LEVEL = 0;
				GCC_PREPROCESSOR_DEFINITIONS = (
					"DEBUG=1",
					"$(inherited)",
				);
				GCC_WARN_64_TO_32_BIT_CONVERSION = YES;
				GCC_WARN_ABOUT_RETURN_TYPE = YES_ERROR;
				GCC_WARN_UNDECLARED_SELECTOR = YES;
				GCC_WARN_UNINITIALIZED_AUTOS = YES_AGGRESSIVE;
				GCC_WARN_UNUSED_FUNCTION = YES;
				GCC_WARN_UNUSED_VARIABLE = YES;
				IPHONEOS_DEPLOYMENT_TARGET = 8.0;
				MACOSX_DEPLOYMENT_TARGET = 10.9;
				MTL_ENABLE_DEBUG_INFO = YES;
				ONLY_ACTIVE_ARCH = YES;
				SDKROOT = iphoneos;
				SUPPORTED_PLATFORMS = "iphonesimulator iphoneos macosx appletvsimulator appletvos watchsimulator watchos";
				SWIFT_ACTIVE_COMPILATION_CONDITIONS = DEBUG;
				SWIFT_OPTIMIZATION_LEVEL = "-Onone";
				TARGETED_DEVICE_FAMILY = "1,2,3,4";
				TVOS_DEPLOYMENT_TARGET = 9.0;
				VALID_ARCHS = "arm64 armv7 armv7s x86_64 i386 armv7k";
				VERSIONING_SYSTEM = "apple-generic";
				VERSION_INFO_PREFIX = "";
				WATCHOS_DEPLOYMENT_TARGET = 2.0;
			};
			name = Debug;
		};
		AE89D45F1E065170003F5DE4 /* Release */ = {
			isa = XCBuildConfiguration;
			buildSettings = {
				ALWAYS_SEARCH_USER_PATHS = NO;
				CLANG_ANALYZER_NONNULL = YES;
				CLANG_CXX_LANGUAGE_STANDARD = "gnu++0x";
				CLANG_CXX_LIBRARY = "libc++";
				CLANG_ENABLE_MODULES = YES;
				CLANG_ENABLE_OBJC_ARC = YES;
				CLANG_WARN_BOOL_CONVERSION = YES;
				CLANG_WARN_CONSTANT_CONVERSION = YES;
				CLANG_WARN_DIRECT_OBJC_ISA_USAGE = YES_ERROR;
				CLANG_WARN_DOCUMENTATION_COMMENTS = YES;
				CLANG_WARN_EMPTY_BODY = YES;
				CLANG_WARN_ENUM_CONVERSION = YES;
				CLANG_WARN_INFINITE_RECURSION = YES;
				CLANG_WARN_INT_CONVERSION = YES;
				CLANG_WARN_OBJC_ROOT_CLASS = YES_ERROR;
				CLANG_WARN_SUSPICIOUS_MOVE = YES;
				CLANG_WARN_UNREACHABLE_CODE = YES;
				CLANG_WARN__DUPLICATE_METHOD_MATCH = YES;
				"CODE_SIGN_IDENTITY[sdk=iphoneos*]" = "iPhone Developer";
				COPY_PHASE_STRIP = NO;
				CURRENT_PROJECT_VERSION = 1;
				DEBUG_INFORMATION_FORMAT = "dwarf-with-dsym";
				ENABLE_NS_ASSERTIONS = NO;
				ENABLE_STRICT_OBJC_MSGSEND = YES;
				GCC_C_LANGUAGE_STANDARD = gnu99;
				GCC_NO_COMMON_BLOCKS = YES;
				GCC_WARN_64_TO_32_BIT_CONVERSION = YES;
				GCC_WARN_ABOUT_RETURN_TYPE = YES_ERROR;
				GCC_WARN_UNDECLARED_SELECTOR = YES;
				GCC_WARN_UNINITIALIZED_AUTOS = YES_AGGRESSIVE;
				GCC_WARN_UNUSED_FUNCTION = YES;
				GCC_WARN_UNUSED_VARIABLE = YES;
				IPHONEOS_DEPLOYMENT_TARGET = 8.0;
				MACOSX_DEPLOYMENT_TARGET = 10.9;
				MTL_ENABLE_DEBUG_INFO = NO;
				SDKROOT = iphoneos;
				SUPPORTED_PLATFORMS = "iphonesimulator iphoneos macosx appletvsimulator appletvos watchsimulator watchos";
				SWIFT_OPTIMIZATION_LEVEL = "-Owholemodule";
				TARGETED_DEVICE_FAMILY = "1,2,3,4";
				TVOS_DEPLOYMENT_TARGET = 9.0;
				VALIDATE_PRODUCT = YES;
				VALID_ARCHS = "arm64 armv7 armv7s x86_64 i386 armv7k";
				VERSIONING_SYSTEM = "apple-generic";
				VERSION_INFO_PREFIX = "";
				WATCHOS_DEPLOYMENT_TARGET = 2.0;
			};
			name = Release;
		};
		AE89D4611E065170003F5DE4 /* Debug */ = {
			isa = XCBuildConfiguration;
			buildSettings = {
				CLANG_ENABLE_MODULES = YES;
				CODE_SIGN_IDENTITY = "";
				DEFINES_MODULE = YES;
				DEVELOPMENT_TEAM = PWN4RN68X5;
				DYLIB_COMPATIBILITY_VERSION = 1;
				DYLIB_CURRENT_VERSION = 1;
				DYLIB_INSTALL_NAME_BASE = "@rpath";
				INFOPLIST_FILE = OutlawSpriteKit/Info.plist;
				INSTALL_PATH = "$(LOCAL_LIBRARY_DIR)/Frameworks";
				LD_RUNPATH_SEARCH_PATHS = "$(inherited) @executable_path/Frameworks @loader_path/Frameworks";
				PRODUCT_BUNDLE_IDENTIFIER = com.molbie.OutlawSpriteKit;
				PRODUCT_NAME = "$(TARGET_NAME)";
				SKIP_INSTALL = YES;
				SWIFT_OPTIMIZATION_LEVEL = "-Onone";
				SWIFT_VERSION = 3.0;
			};
			name = Debug;
		};
		AE89D4621E065170003F5DE4 /* Release */ = {
			isa = XCBuildConfiguration;
			buildSettings = {
				CLANG_ENABLE_MODULES = YES;
				CODE_SIGN_IDENTITY = "";
				DEFINES_MODULE = YES;
				DEVELOPMENT_TEAM = PWN4RN68X5;
				DYLIB_COMPATIBILITY_VERSION = 1;
				DYLIB_CURRENT_VERSION = 1;
				DYLIB_INSTALL_NAME_BASE = "@rpath";
				INFOPLIST_FILE = OutlawSpriteKit/Info.plist;
				INSTALL_PATH = "$(LOCAL_LIBRARY_DIR)/Frameworks";
				LD_RUNPATH_SEARCH_PATHS = "$(inherited) @executable_path/Frameworks @loader_path/Frameworks";
				PRODUCT_BUNDLE_IDENTIFIER = com.molbie.OutlawSpriteKit;
				PRODUCT_NAME = "$(TARGET_NAME)";
				SKIP_INSTALL = YES;
				SWIFT_VERSION = 3.0;
			};
			name = Release;
		};
		AE89D4641E065170003F5DE4 /* Debug */ = {
			isa = XCBuildConfiguration;
			buildSettings = {
				ALWAYS_EMBED_SWIFT_STANDARD_LIBRARIES = YES;
				DEVELOPMENT_TEAM = PWN4RN68X5;
				INFOPLIST_FILE = OutlawSpriteKitTests/Info.plist;
				LD_RUNPATH_SEARCH_PATHS = "$(inherited) @loader_path/Frameworks @executable_path/Frameworks @loader_path/../Frameworks @executable_path/../Frameworks";
				PRODUCT_BUNDLE_IDENTIFIER = com.molbie.OutlawSpriteKitTests;
				PRODUCT_NAME = "$(TARGET_NAME)";
				SWIFT_VERSION = 3.0;
			};
			name = Debug;
		};
		AE89D4651E065170003F5DE4 /* Release */ = {
			isa = XCBuildConfiguration;
			buildSettings = {
				ALWAYS_EMBED_SWIFT_STANDARD_LIBRARIES = YES;
				DEVELOPMENT_TEAM = PWN4RN68X5;
				INFOPLIST_FILE = OutlawSpriteKitTests/Info.plist;
				LD_RUNPATH_SEARCH_PATHS = "$(inherited) @loader_path/Frameworks @executable_path/Frameworks @loader_path/../Frameworks @executable_path/../Frameworks";
				PRODUCT_BUNDLE_IDENTIFIER = com.molbie.OutlawSpriteKitTests;
				PRODUCT_NAME = "$(TARGET_NAME)";
				SWIFT_VERSION = 3.0;
			};
			name = Release;
		};
/* End XCBuildConfiguration section */

/* Begin XCConfigurationList section */
		AE89D4461E065170003F5DE4 /* Build configuration list for PBXProject "OutlawSpriteKit" */ = {
			isa = XCConfigurationList;
			buildConfigurations = (
				AE89D45E1E065170003F5DE4 /* Debug */,
				AE89D45F1E065170003F5DE4 /* Release */,
			);
			defaultConfigurationIsVisible = 0;
			defaultConfigurationName = Release;
		};
		AE89D4601E065170003F5DE4 /* Build configuration list for PBXNativeTarget "OutlawSpriteKit" */ = {
			isa = XCConfigurationList;
			buildConfigurations = (
				AE89D4611E065170003F5DE4 /* Debug */,
				AE89D4621E065170003F5DE4 /* Release */,
			);
			defaultConfigurationIsVisible = 0;
			defaultConfigurationName = Release;
		};
		AE89D4631E065170003F5DE4 /* Build configuration list for PBXNativeTarget "OutlawSpriteKitTests" */ = {
			isa = XCConfigurationList;
			buildConfigurations = (
				AE89D4641E065170003F5DE4 /* Debug */,
				AE89D4651E065170003F5DE4 /* Release */,
			);
			defaultConfigurationIsVisible = 0;
			defaultConfigurationName = Release;
		};
/* End XCConfigurationList section */
	};
	rootObject = AE89D4431E065170003F5DE4 /* Project object */;
}
